
Microsoft Visual Studio Solution File, Format Version 12.00
# Visual Studio Version 17
VisualStudioVersion = 17.9.34728.123
MinimumVisualStudioVersion = 10.0.40219.1
Project("{FAE04EC0-301F-11D3-BF4B-00C04F79EFBC}") = "IP-Geo-Locator", "IP-Geo-Locator\IP-Geo-Locator.csproj", "{BF4C7BE4-129B-40DB-B8B7-BEE34ECF7713}"
EndProject
Global
	GlobalSection(SolutionConfigurationPlatforms) = preSolution
		Debug|Any CPU = Debug|Any CPU
		Release|Any CPU = Release|Any CPU
	EndGlobalSection
	GlobalSection(ProjectConfigurationPlatforms) = postSolution
		{BF4C7BE4-129B-40DB-B8B7-BEE34ECF7713}.Debug|Any CPU.ActiveCfg = Debug|Any CPU
		{BF4C7BE4-129B-40DB-B8B7-BEE34ECF7713}.Debug|Any CPU.Build.0 = Debug|Any CPU
		{BF4C7BE4-129B-40DB-B8B7-BEE34ECF7713}.Release|Any CPU.ActiveCfg = Release|Any CPU
		{BF4C7BE4-129B-40DB-B8B7-BEE34ECF7713}.Release|Any CPU.Build.0 = Release|Any CPU
	EndGlobalSection
	GlobalSection(SolutionProperties) = preSolution
		HideSolutionNode = FALSE
	EndGlobalSection
	GlobalSection(ExtensibilityGlobals) = postSolution
		SolutionGuid = {692ADB6D-10CD-46EF-AA2C-798D00317D71}
	EndGlobalSection
EndGlobal
